{
  "name": "@moi952/decky-plugin-toolkit",
  "version": "0.1.0",
  "lockfileVersion": 3,
  "requires": true,
  "packages": {
    "": {
      "name": "@moi952/decky-plugin-toolkit",
      "version": "0.1.0",
      "license": "BSD-3-Clause",
      "devDependencies": {
        "@decky/api": "^1.1.3",
        "@decky/ui": "^4.11.1",
        "@moi952/decky-ui-kit": "^0.5.0",
        "@types/react": "19.1.1",
        "i18next": "^23.15.1",
        "react": "^18.3.1",
        "react-i18next": "^14.1.3",
        "react-icons": "^5.3.0",
        "typescript": "^5.6.2"
      },
      "peerDependencies": {
        "@decky/api": ">=1.0.0",
        "@decky/ui": ">=4.0.0",
        "@moi952/decky-ui-kit": ">=0.5.0",
        "i18next": ">=23.0.0",
        "react": ">=18.0.0",
        "react-i18next": ">=13.0.0",
        "react-icons": ">=5.0.0"
      }
    },
    "node_modules/@babel/runtime": {
      "version": "7.29.7",
      "resolved": "https://registry.npmjs.org/@babel/runtime/-/runtime-7.29.7.tgz",
      "integrity": "sha512-Nq8OhGWiZIZGV6hLHoyAKLLcJihP/xFeBMGJoUrxTX2psI8dCifzLhZISFb+VWS3wFMRDmCGw5R+dOySCqPLhw==",
      "dev": true,
      "license": "MIT",
      "engines": {
        "node": ">=6.9.0"
      }
    },
    "node_modules/@decky/api": {
      "version": "1.1.3",
      "resolved": "https://registry.npmjs.org/@decky/api/-/api-1.1.3.tgz",
      "integrity": "sha512-XsPCZxfxk5I1UtylIUN3qaWQI31siQbKfbLIskkI5innEatY1m4NQqBv/6hwPaO9mKMbdqYpnh5PSJDeMEOOBA==",
      "dev": true,
      "license": "LGPL-2.1"
    },
    "node_modules/@decky/ui": {
      "version": "4.12.0",
      "resolved": "https://registry.npmjs.org/@decky/ui/-/ui-4.12.0.tgz",
      "integrity": "sha512-OwO1XEi+tNI5jRyCs6w2526o+u9URjh1A1gtfUld7HUpAcxNVthgcCySaeLtvQqTPTj7IeiDCEy7rRS88Fd+wQ==",
      "dev": true,
      "license": "LGPL-2.1"
    },
    "node_modules/@moi952/decky-ui-kit": {
      "version": "0.5.0",
      "resolved": "https://registry.npmjs.org/@moi952/decky-ui-kit/-/decky-ui-kit-0.5.0.tgz",
      "integrity": "sha512-kpNQvnJ61EI87DnEhJ58x3VX4bH1zR4yBvu4OuGiJG9BybBi4hJQ1ixXb8SuccFu+uwPgh4frF+patdFl0L59Q==",
      "dev": true,
      "license": "BSD-3-Clause",
      "dependencies": {
        "qrcode.react": "^4.2.0"
      },
      "peerDependencies": {
        "@decky/ui": ">=4.0.0",
        "react": ">=18.0.0",
        "react-icons": ">=5.0.0"
      }
    },
    "node_modules/@types/react": {
      "version": "19.1.1",
      "resolved": "https://registry.npmjs.org/@types/react/-/react-19.1.1.tgz",
      "integrity": "sha512-ePapxDL7qrgqSF67s0h9m412d9DbXyC1n59O2st+9rjuuamWsZuD2w55rqY12CbzsZ7uVXb5Nw0gEp9Z8MMutQ==",
      "dev": true,
      "license": "MIT",
      "dependencies": {
        "csstype": "^3.0.2"
      }
    },
    "node_modules/csstype": {
      "version": "3.2.3",
      "resolved": "https://registry.npmjs.org/csstype/-/csstype-3.2.3.tgz",
      "integrity": "sha512-z1HGKcYy2xA8AGQfwrn0PAy+PB7X/GSj3UVJW9qKyn43xWa+gl5nXmU4qqLMRzWVLFC8KusUX8T/0kCiOYpAIQ==",
      "dev": true,
      "license": "MIT"
    },
    "node_modules/html-parse-stringify": {
      "version": "3.1.0",
      "resolved": "https://registry.npmjs.org/html-parse-stringify/-/html-parse-stringify-3.1.0.tgz",
      "integrity": "sha512-E0oAXcELOtsXe+BmpJ2EZyedbldPpriV5vICzEuo6xjC/D1lDukOI7KrpfQGF2Qc4wWEy0nk3bFORS2K5ZAhFQ==",
      "dev": true,
      "license": "MIT",
      "dependencies": {
        "void-elements": "3.1.0"
      }
    },
    "node_modules/i18next": {
      "version": "23.16.8",
      "resolved": "https://registry.npmjs.org/i18next/-/i18next-23.16.8.tgz",
      "integrity": "sha512-06r/TitrM88Mg5FdUXAKL96dJMzgqLE5dv3ryBAra4KCwD9mJ4ndOTS95ZuymIGoE+2hzfdaMak2X11/es7ZWg==",
      "dev": true,
      "funding": [
        {
          "type": "individual",
          "url": "https://locize.com"
        },
        {
          "type": "individual",
          "url": "https://locize.com/i18next.html"
        },
        {
          "type": "individual",
          "url": "https://www.i18next.com/how-to/faq#i18next-is-awesome.-how-can-i-support-the-project"
        }
      ],
      "license": "MIT",
      "dependencies": {
        "@babel/runtime": "^7.23.2"
      }
    },
    "node_modules/js-tokens": {
      "version": "4.0.0",
      "resolved": "https://registry.npmjs.org/js-tokens/-/js-tokens-4.0.0.tgz",
      "integrity": "sha512-RdJUflcE3cUzKiMqQgsCu06FPu9UdIJO0beYbPhHN4k6apgJtifcoCtT9bcxOpYBtpD2kCM6Sbzg4CausW/PKQ==",
      "dev": true,
      "license": "MIT"
    },
    "node_modules/loose-envify": {
      "version": "1.4.0",
      "resolved": "https://registry.npmjs.org/loose-envify/-/loose-envify-1.4.0.tgz",
      "integrity": "sha512-lyuxPGr/Wfhrlem2CL/UcnUc1zcqKAImBDzukY7Y5F/yQiNdko6+fRLevlw1HgMySw7f611UIY408EtxRSoK3Q==",
      "dev": true,
      "license": "MIT",
      "dependencies": {
        "js-tokens": "^3.0.0 || ^4.0.0"
      },
      "bin": {
        "loose-envify": "cli.js"
      }
    },
    "node_modules/qrcode.react": {
      "version": "4.2.0",
      "resolved": "https://registry.npmjs.org/qrcode.react/-/qrcode.react-4.2.0.tgz",
      "integrity": "sha512-QpgqWi8rD9DsS9EP3z7BT+5lY5SFhsqGjpgW5DY/i3mK4M9DTBNz3ErMi8BWYEfI3L0d8GIbGmcdFAS1uIRGjA==",
      "dev": true,
      "license": "ISC",
      "peerDependencies": {
        "react": "^16.8.0 || ^17.0.0 || ^18.0.0 || ^19.0.0"
      }
    },
    "node_modules/react": {
      "version": "18.3.1",
      "resolved": "https://registry.npmjs.org/react/-/react-18.3.1.tgz",
      "integrity": "sha512-wS+hAgJShR0KhEvPJArfuPVN1+Hz1t0Y6n5jLrGQbkb4urgPE/0Rve+1kMB1v/oWgHgm4WIcV+i7F2pTVj+2iQ==",
      "dev": true,
      "license": "MIT",
      "dependencies": {
        "loose-envify": "^1.1.0"
      },
      "engines": {
        "node": ">=0.10.0"
      }
    },
    "node_modules/react-i18next": {
      "version": "14.1.3",
      "resolved": "https://registry.npmjs.org/react-i18next/-/react-i18next-14.1.3.tgz",
      "integrity": "sha512-wZnpfunU6UIAiJ+bxwOiTmBOAaB14ha97MjOEnLGac2RJ+h/maIYXZuTHlmyqQVX1UVHmU1YDTQ5vxLmwfXTjw==",
      "dev": true,
      "license": "MIT",
      "dependencies": {
        "@babel/runtime": "^7.23.9",
        "html-parse-stringify": "^3.0.1"
      },
      "peerDependencies": {
        "i18next": ">= 23.2.3",
        "react": ">= 16.8.0"
      },
      "peerDependenciesMeta": {
        "react-dom": {
          "optional": true
        },
        "react-native": {
          "optional": true
        }
      }
    },
    "node_modules/react-icons": {
      "version": "5.7.0",
      "resolved": "https://registry.npmjs.org/react-icons/-/react-icons-5.7.0.tgz",
      "integrity": "sha512-LBLy340Rzqy6+/yVhZKT3B/QpP1BZaesGqasf09HPOBzRarcDIFH0WwXlXQfE7q7ipxK4MSiC5DIBWURCny6fw==",
      "dev": true,
      "license": "MIT",
      "peerDependencies": {
        "react": "*"
      }
    },
    "node_modules/typescript": {
      "version": "5.9.3",
      "resolved": "https://registry.npmjs.org/typescript/-/typescript-5.9.3.tgz",
      "integrity": "sha512-jl1vZzPDinLr9eUt3J/t7V6FgNEw9QjvBPdysz9KfQDD41fQrC2Y4vKQdiaUpFT4bXlb1RHhLpp8wtm6M5TgSw==",
      "dev": true,
      "license": "Apache-2.0",
      "bin": {
        "tsc": "bin/tsc",
        "tsserver": "bin/tsserver"
      },
      "engines": {
        "node": ">=14.17"
      }
    },
    "node_modules/void-elements": {
      "version": "3.1.0",
      "resolved": "https://registry.npmjs.org/void-elements/-/void-elements-3.1.0.tgz",
      "integrity": "sha512-Dhxzh5HZuiHQhbvTW9AMetFfBHDMYpo23Uo9btPXgdYP+3T5S+p+jgNy7spra+veYhBP2dCSgxR/i2Y02h5/6w==",
      "dev": true,
      "license": "MIT",
      "engines": {
        "node": ">=0.10.0"
      }
    }
  }
}
